// !$*UTF8*$!
{
	archiveVersion = 1;
	classes = {
	};
	objectVersion = 46;
	objects = {

/* Begin PBXBuildFile section */
		F1099B4C1F6C7DE9004D45A4 /* AppDelegate.swift in Sources */ = {isa = PBXBuildFile; fileRef = F1099B4B1F6C7DE9004D45A4 /* AppDelegate.swift */; };
		F1099B4E1F6C7DE9004D45A4 /* ViewController.swift in Sources */ = {isa = PBXBuildFile; fileRef = F1099B4D1F6C7DE9004D45A4 /* ViewController.swift */; };
		F1099B511F6C7DE9004D45A4 /* Main.storyboard in Resources */ = {isa = PBXBuildFile; fileRef = F1099B4F1F6C7DE9004D45A4 /* Main.storyboard */; };
		F1099B531F6C7DE9004D45A4 /* Assets.xcassets in Resources */ = {isa = PBXBuildFile; fileRef = F1099B521F6C7DE9004D45A4 /* Assets.xcassets */; };
		F1099B561F6C7DE9004D45A4 /* LaunchScreen.storyboard in Resources */ = {isa = PBXBuildFile; fileRef = F1099B541F6C7DE9004D45A4 /* LaunchScreen.storyboard */; };
		F1099B5E1F6C7F4B004D45A4 /* RoundButton.swift in Sources */ = {isa = PBXBuildFile; fileRef = F1099B5D1F6C7F4B004D45A4 /* RoundButton.swift */; };
		F1099B621F6C8393004D45A4 /* EditableView.swift in Sources */ = {isa = PBXBuildFile; fileRef = F1099B611F6C8393004D45A4 /* EditableView.swift */; };
/* End PBXBuildFile section */

/* Begin PBXFileReference section */
		F1099B481F6C7DE9004D45A4 /* AnimMenu.app */ = {isa = PBXFileReference; explicitFileType = wrapper.application; includeInIndex = 0; path = AnimMenu.app; sourceTree = BUILT_PRODUCTS_DIR; };
		F1099B4B1F6C7DE9004D45A4 /* AppDelegate.swift */ = {isa = PBXFileReference; lastKnownFileType = sourcecode.swift; path = AppDelegate.swift; sourceTree = "<group>"; };
		F1099B4D1F6C7DE9004D45A4 /* ViewController.swift */ = {isa = PBXFileReference; lastKnownFileType = sourcecode.swift; path = ViewController.swift; sourceTree = "<group>"; };
		F1099B501F6C7DE9004D45A4 /* Base */ = {isa = PBXFileReference; lastKnownFileType = file.storyboard; name = Base; path = Base.lproj/Main.storyboard; sourceTree = "<group>"; };
		F1099B521F6C7DE9004D45A4 /* Assets.xcassets */ = {isa = PBXFileReference; lastKnownFileType = folder.assetcatalog; path = Assets.xcassets; sourceTree = "<group>"; };
		F1099B551F6C7DE9004D45A4 /* Base */ = {isa = PBXFileReference; lastKnownFileType = file.storyboard; name = Base; path = Base.lproj/LaunchScreen.storyboard; sourceTree = "<group>"; };
		F1099B571F6C7DE9004D45A4 /* Info.plist */ = {isa = PBXFileReference; lastKnownFileType = text.plist.xml; path = Info.plist; sourceTree = "<group>"; };
		F1099B5D1F6C7F4B004D45A4 /* RoundButton.swift */ = {isa = PBXFileReference; fileEncoding = 4; lastKnownFileType = sourcecode.swift; path = RoundButton.swift; sourceTree = "<group>"; };
		F1099B611F6C8393004D45A4 /* EditableView.swift */ = {isa = PBXFileReference; fileEncoding = 4; lastKnownFileType = sourcecode.swift; path = EditableView.swift; sourceTree = "<group>"; };
/* End PBXFileReference section */

/* Begin PBXFrameworksBuildPhase section */
		F1099B451F6C7DE9004D45A4 /* Frameworks */ = {
			isa = PBXFrameworksBuildPhase;
			buildActionMask = 2147483647;
			files = (
			);
			runOnlyForDeploymentPostprocessing = 0;
		};
/* End PBXFrameworksBuildPhase section */

/* Begin PBXGroup section */
		F1099B3F1F6C7DE9004D45A4 = {
			isa = PBXGroup;
			children = (
				F1099B4A1F6C7DE9004D45A4 /* AnimMenu */,
				F1099B491F6C7DE9004D45A4 /* Products */,
			);
			sourceTree = "<group>";
		};
		F1099B491F6C7DE9004D45A4 /* Products */ = {
			isa = PBXGroup;
			children = (
				F1099B481F6C7DE9004D45A4 /* AnimMenu.app */,
			);
			name = Products;
			sourceTree = "<group>";
		};
		F1099B4A1F6C7DE9004D45A4 /* AnimMenu */ = {
			isa = PBXGroup;
			children = (
				F1099B4B1F6C7DE9004D45A4 /* AppDelegate.swift */,
				F1099B4D1F6C7DE9004D45A4 /* ViewController.swift */,
				F1099B4F1F6C7DE9004D45A4 /* Main.storyboard */,
				F1099B5D1F6C7F4B004D45A4 /* RoundButton.swift */,
				F1099B611F6C8393004D45A4 /* EditableView.swift */,
				F1099B521F6C7DE9004D45A4 /* Assets.xcassets */,
				F1099B541F6C7DE9004D45A4 /* LaunchScreen.storyboard */,
				F1099B571F6C7DE9004D45A4 /* Info.plist */,
			);
			path = AnimMenu;
			sourceTree = "<group>";
		};
/* End PBXGroup section */

/* Begin PBXNativeTarget section */
		F1099B471F6C7DE9004D45A4 /* AnimMenu */ = {
			isa = PBXNativeTarget;
			buildConfigurationList = F1099B5A1F6C7DE9004D45A4 /* Build configuration list for PBXNativeTarget "AnimMenu" */;
			buildPhases = (
				F1099B441F6C7DE9004D45A4 /* Sources */,
				F1099B451F6C7DE9004D45A4 /* Frameworks */,
				F1099B461F6C7DE9004D45A4 /* Resources */,
			);
			buildRules = (
			);
			dependencies = (
			);
			name = AnimMenu;
			productName = AnimMenu;
			productReference = F1099B481F6C7DE9004D45A4 /* AnimMenu.app */;
			productType = "com.apple.product-type.application";
		};
/* End PBXNativeTarget section */

/* Begin PBXProject section */
		F1099B401F6C7DE9004D45A4 /* Project object */ = {
			isa = PBXProject;
			attributes = {
				LastSwiftUpdateCheck = 0830;
				LastUpgradeCheck = 0830;
				ORGANIZATIONNAME = "Kacper Kuźniak";
				TargetAttributes = {
					F1099B471F6C7DE9004D45A4 = {
						CreatedOnToolsVersion = 8.3.3;
						DevelopmentTeam = 6TU3V7LZFB;
						ProvisioningStyle = Automatic;
					};
				};
			};
			buildConfigurationList = F1099B431F6C7DE9004D45A4 /* Build configuration list for PBXProject "AnimMenu" */;
			compatibilityVersion = "Xcode 3.2";
			developmentRegion = English;
			hasScannedForEncodings = 0;
			knownRegions = (
				en,
				Base,
			);
			mainGroup = F1099B3F1F6C7DE9004D45A4;
			productRefGroup = F1099B491F6C7DE9004D45A4 /* Products */;
			projectDirPath = "";
			projectRoot = "";
			targets = (
				F1099B471F6C7DE9004D45A4 /* AnimMenu */,
			);
		};
/* End PBXProject section */

/* Begin PBXResourcesBuildPhase section */
		F1099B461F6C7DE9004D45A4 /* Resources */ = {
			isa = PBXResourcesBuildPhase;
			buildActionMask = 2147483647;
			files = (
				F1099B561F6C7DE9004D45A4 /* LaunchScreen.storyboard in Resources */,
				F1099B531F6C7DE9004D45A4 /* Assets.xcassets in Resources */,
				F1099B511F6C7DE9004D45A4 /* Main.storyboard in Resources */,
			);
			runOnlyForDeploymentPostprocessing = 0;
		};
/* End PBXResourcesBuildPhase section */

/* Begin PBXSourcesBuildPhase section */
		F1099B441F6C7DE9004D45A4 /* Sources */ = {
			isa = PBXSourcesBuildPhase;
			buildActionMask = 2147483647;
			files = (
				F1099B5E1F6C7F4B004D45A4 /* RoundButton.swift in Sources */,
				F1099B4E1F6C7DE9004D45A4 /* ViewController.swift in Sources */,
				F1099B621F6C8393004D45A4 /* EditableView.swift in Sources */,
				F1099B4C1F6C7DE9004D45A4 /* AppDelegate.swift in Sources */,
			);
			runOnlyForDeploymentPostprocessing = 0;
		};
/* End PBXSourcesBuildPhase section */

/* Begin PBXVariantGroup section */
		F1099B4F1F6C7DE9004D45A4 /* Main.storyboard */ = {
			isa = PBXVariantGroup;
			children = (
				F1099B501F6C7DE9004D45A4 /* Base */,
			);
			name = Main.storyboard;
			sourceTree = "<group>";
		};
		F1099B541F6C7DE9004D45A4 /* LaunchScreen.storyboard */ = {
			isa = PBXVariantGroup;
			children = (
				F1099B551F6C7DE9004D45A4 /* Base */,
			);
			name = LaunchScreen.storyboard;
			sourceTree = "<group>";
		};
/* End PBXVariantGroup section */

/* Begin XCBuildConfiguration section */
		F1099B581F6C7DE9004D45A4 /* Debug */ = {
			isa = XCBuildConfiguration;
			buildSettings = {
				ALWAYS_SEARCH_USER_PATHS = NO;
				CLANG_ANALYZER_NONNULL = YES;
				CLANG_ANALYZER_NUMBER_OBJECT_CONVERSION = YES_AGGRESSIVE;
				CLANG_CXX_LANGUAGE_STANDARD = "gnu++0x";
				CLANG_CXX_LIBRARY = "libc++";
				CLANG_ENABLE_MODULES = YES;
				CLANG_ENABLE_OBJC_ARC = YES;
				CLANG_WARN_BOOL_CONVERSION = YES;
				CLANG_WARN_CONSTANT_CONVERSION = YES;
				CLANG_WARN_DIRECT_OBJC_ISA_USAGE = YES_ERROR;
				CLANG_WARN_DOCUMENTATION_COMMENTS = YES;
				CLANG_WARN_EMPTY_BODY = YES;
				CLANG_WARN_ENUM_CONVERSION = YES;
				CLANG_WARN_INFINITE_RECURSION = YES;
				CLANG_WARN_INT_CONVERSION = YES;
				CLANG_WARN_OBJC_ROOT_CLASS = YES_ERROR;
				CLANG_WARN_SUSPICIOUS_MOVE = YES;
				CLANG_WARN_UNREACHABLE_CODE = YES;
				CLANG_WARN__DUPLICATE_METHOD_MATCH = YES;
				"CODE_SIGN_IDENTITY[sdk=iphoneos*]" = "iPhone Developer";
				COPY_PHASE_STRIP = NO;
				DEBUG_INFORMATION_FORMAT = dwarf;
				ENABLE_STRICT_OBJC_MSGSEND = YES;
				ENABLE_TESTABILITY = YES;
				GCC_C_LANGUAGE_STANDARD = gnu99;
				GCC_DYNAMIC_NO_PIC = NO;
				GCC_NO_COMMON_BLOCKS = YES;
				GCC_OPTIMIZATION_LEVEL = 0;
				GCC_PREPROCESSOR_DEFINITIONS = (
					"DEBUG=1",
					"$(inherited)",
				);
				GCC_WARN_64_TO_32_BIT_CONVERSION = YES;
				GCC_WARN_ABOUT_RETURN_TYPE = YES_ERROR;
				GCC_WARN_UNDECLARED_SELECTOR = YES;
				GCC_WARN_UNINITIALIZED_AUTOS = YES_AGGRESSIVE;
				GCC_WARN_UNUSED_FUNCTION = YES;
				GCC_WARN_UNUSED_VARIABLE = YES;
				IPHONEOS_DEPLOYMENT_TARGET = 10.3;
				MTL_ENABLE_DEBUG_INFO = YES;
				ONLY_ACTIVE_ARCH = YES;
				SDKROOT = iphoneos;
				SWIFT_ACTIVE_COMPILATION_CONDITIONS = DEBUG;
				SWIFT_OPTIMIZATION_LEVEL = "-Onone";
				TARGETED_DEVICE_FAMILY = "1,2";
			};
			name = Debug;
		};
		F1099B591F6C7DE9004D45A4 /* Release */ = {
			isa = XCBuildConfiguration;
			buildSettings = {
				ALWAYS_SEARCH_USER_PATHS = NO;
				CLANG_ANALYZER_NONNULL = YES;
				CLANG_ANALYZER_NUMBER_OBJECT_CONVERSION = YES_AGGRESSIVE;
				CLANG_CXX_LANGUAGE_STANDARD = "gnu++0x";
				CLANG_CXX_LIBRARY = "libc++";
				CLANG_ENABLE_MODULES = YES;
				CLANG_ENABLE_OBJC_ARC = YES;
				CLANG_WARN_BOOL_CONVERSION = YES;
				CLANG_WARN_CONSTANT_CONVERSION = YES;
				CLANG_WARN_DIRECT_OBJC_ISA_USAGE = YES_ERROR;
				CLANG_WARN_DOCUMENTATION_COMMENTS = YES;
				CLANG_WARN_EMPTY_BODY = YES;
				CLANG_WARN_ENUM_CONVERSION = YES;
				CLANG_WARN_INFINITE_RECURSION = YES;
				CLANG_WARN_INT_CONVERSION = YES;
				CLANG_WARN_OBJC_ROOT_CLASS = YES_ERROR;
				CLANG_WARN_SUSPICIOUS_MOVE = YES;
				CLANG_WARN_UNREACHABLE_CODE = YES;
				CLANG_WARN__DUPLICATE_METHOD_MATCH = YES;
				"CODE_SIGN_IDENTITY[sdk=iphoneos*]" = "iPhone Developer";
				COPY_PHASE_STRIP = NO;
				DEBUG_INFORMATION_FORMAT = "dwarf-with-dsym";
				ENABLE_NS_ASSERTIONS = NO;
				ENABLE_STRICT_OBJC_MSGSEND = YES;
				GCC_C_LANGUAGE_STANDARD = gnu99;
				GCC_NO_COMMON_BLOCKS = YES;
				GCC_WARN_64_TO_32_BIT_CONVERSION = YES;
				GCC_WARN_ABOUT_RETURN_TYPE = YES_ERROR;
				GCC_WARN_UNDECLARED_SELECTOR = YES;
				GCC_WARN_UNINITIALIZED_AUTOS = YES_AGGRESSIVE;
				GCC_WARN_UNUSED_FUNCTION = YES;
				GCC_WARN_UNUSED_VARIABLE = YES;
				IPHONEOS_DEPLOYMENT_TARGET = 10.3;
				MTL_ENABLE_DEBUG_INFO = NO;
				SDKROOT = iphoneos;
				SWIFT_OPTIMIZATION_LEVEL = "-Owholemodule";
				TARGETED_DEVICE_FAMILY = "1,2";
				VALIDATE_PRODUCT = YES;
			};
			name = Release;
		};
		F1099B5B1F6C7DE9004D45A4 /* Debug */ = {
			isa = XCBuildConfiguration;
			buildSettings = {
				ASSETCATALOG_COMPILER_APPICON_NAME = AppIcon;
				DEVELOPMENT_TEAM = 6TU3V7LZFB;
				INFOPLIST_FILE = AnimMenu/Info.plist;
				IPHONEOS_DEPLOYMENT_TARGET = 11.2;
				LD_RUNPATH_SEARCH_PATHS = "$(inherited) @executable_path/Frameworks";
				PRODUCT_BUNDLE_IDENTIFIER = his4ki.AnimMenu;
				PRODUCT_NAME = "$(TARGET_NAME)";
				SWIFT_VERSION = 3.0;
			};
			name = Debug;
		};
		F1099B5C1F6C7DE9004D45A4 /* Release */ = {
			isa = XCBuildConfiguration;
			buildSettings = {
				ASSETCATALOG_COMPILER_APPICON_NAME = AppIcon;
				DEVELOPMENT_TEAM = 6TU3V7LZFB;
				INFOPLIST_FILE = AnimMenu/Info.plist;
				IPHONEOS_DEPLOYMENT_TARGET = 11.2;
				LD_RUNPATH_SEARCH_PATHS = "$(inherited) @executable_path/Frameworks";
				PRODUCT_BUNDLE_IDENTIFIER = his4ki.AnimMenu;
				PRODUCT_NAME = "$(TARGET_NAME)";
				SWIFT_VERSION = 3.0;
			};
			name = Release;
		};
/* End XCBuildConfiguration section */

/* Begin XCConfigurationList section */
		F1099B431F6C7DE9004D45A4 /* Build configuration list for PBXProject "AnimMenu" */ = {
			isa = XCConfigurationList;
			buildConfigurations = (
				F1099B581F6C7DE9004D45A4 /* Debug */,
				F1099B591F6C7DE9004D45A4 /* Release */,
			);
			defaultConfigurationIsVisible = 0;
			defaultConfigurationName = Release;
		};
		F1099B5A1F6C7DE9004D45A4 /* Build configuration list for PBXNativeTarget "AnimMenu" */ = {
			isa = XCConfigurationList;
			buildConfigurations = (
				F1099B5B1F6C7DE9004D45A4 /* Debug */,
				F1099B5C1F6C7DE9004D45A4 /* Release */,
			);
			defaultConfigurationIsVisible = 0;
			defaultConfigurationName = Release;
		};
/* End XCConfigurationList section */
	};
	rootObject = F1099B401F6C7DE9004D45A4 /* Project object */;
}
